// !$*UTF8*$!
{
	archiveVersion = 1;
	classes = {
	};
	objectVersion = 56;
	objects = {

/* Begin PBXBuildFile section */
		28062AA02ACC9A410066BFFE /* EmojiCollectionViewCell.swift in Sources */ = {isa = PBXBuildFile; fileRef = 28062A9F2ACC9A410066BFFE /* EmojiCollectionViewCell.swift */; };
		28062AA22AD747A10066BFFE /* ColorCollectionViewCell.swift in Sources */ = {isa = PBXBuildFile; fileRef = 28062AA12AD747A10066BFFE /* ColorCollectionViewCell.swift */; };
		2818C4FA2AF496C400111B51 /* Main.storyboard in Resources */ = {isa = PBXBuildFile; fileRef = 2818C4F92AF496C400111B51 /* Main.storyboard */; };
		2818C4FC2AF496D700111B51 /* LaunchScreen.storyboard in Resources */ = {isa = PBXBuildFile; fileRef = 2818C4FB2AF496D700111B51 /* LaunchScreen.storyboard */; };
		2818C4FF2AF6D0D900111B51 /* Model.xcdatamodeld in Sources */ = {isa = PBXBuildFile; fileRef = 2818C4FD2AF6D0D900111B51 /* Model.xcdatamodeld */; };
		2818C5012AF6D2EF00111B51 /* TrackerStore.swift in Sources */ = {isa = PBXBuildFile; fileRef = 2818C5002AF6D2EF00111B51 /* TrackerStore.swift */; };
		2818C5032AF6D3C500111B51 /* TrackerCategoryStore.swift in Sources */ = {isa = PBXBuildFile; fileRef = 2818C5022AF6D3C500111B51 /* TrackerCategoryStore.swift */; };
		2818C5052AF6D42F00111B51 /* TrackerRecordStore.swift in Sources */ = {isa = PBXBuildFile; fileRef = 2818C5042AF6D42F00111B51 /* TrackerRecordStore.swift */; };
		28F528C22AC239BF002B1C7F /* AppDelegate.swift in Sources */ = {isa = PBXBuildFile; fileRef = 28F528C12AC239BF002B1C7F /* AppDelegate.swift */; };
		28F528C42AC239BF002B1C7F /* SceneDelegate.swift in Sources */ = {isa = PBXBuildFile; fileRef = 28F528C32AC239BF002B1C7F /* SceneDelegate.swift */; };
		28F528CB2AC239C0002B1C7F /* Assets.xcassets in Resources */ = {isa = PBXBuildFile; fileRef = 28F528CA2AC239C0002B1C7F /* Assets.xcassets */; };
		28F528DA2AC23B4A002B1C7F /* GeometricParamsExtension.swift in Sources */ = {isa = PBXBuildFile; fileRef = 28F528D62AC23B4A002B1C7F /* GeometricParamsExtension.swift */; };
		28F528DB2AC23B4A002B1C7F /* UILabelExtension.swift in Sources */ = {isa = PBXBuildFile; fileRef = 28F528D72AC23B4A002B1C7F /* UILabelExtension.swift */; };
		28F528DC2AC23B4A002B1C7F /* PlaceholderExtension.swift in Sources */ = {isa = PBXBuildFile; fileRef = 28F528D82AC23B4A002B1C7F /* PlaceholderExtension.swift */; };
		28F528DD2AC23B4A002B1C7F /* DateExtension.swift in Sources */ = {isa = PBXBuildFile; fileRef = 28F528D92AC23B4A002B1C7F /* DateExtension.swift */; };
		28F528E02AC23B59002B1C7F /* StatisticViewController.swift in Sources */ = {isa = PBXBuildFile; fileRef = 28F528DF2AC23B59002B1C7F /* StatisticViewController.swift */; };
		28F528E42AC23B66002B1C7F /* ScheduleViewController.swift in Sources */ = {isa = PBXBuildFile; fileRef = 28F528E22AC23B66002B1C7F /* ScheduleViewController.swift */; };
		28F528E52AC23B66002B1C7F /* SetTrackersViewController.swift in Sources */ = {isa = PBXBuildFile; fileRef = 28F528E32AC23B66002B1C7F /* SetTrackersViewController.swift */; };
		28F528EC2AC23B6F002B1C7F /* TrackerTextField.swift in Sources */ = {isa = PBXBuildFile; fileRef = 28F528E72AC23B6F002B1C7F /* TrackerTextField.swift */; };
		28F528ED2AC23B6F002B1C7F /* TrackerFormViewController.swift in Sources */ = {isa = PBXBuildFile; fileRef = 28F528E82AC23B6F002B1C7F /* TrackerFormViewController.swift */; };
		28F528EE2AC23B6F002B1C7F /* TrackerViewController.swift in Sources */ = {isa = PBXBuildFile; fileRef = 28F528E92AC23B6F002B1C7F /* TrackerViewController.swift */; };
		28F528EF2AC23B6F002B1C7F /* TrackerCategoryName.swift in Sources */ = {isa = PBXBuildFile; fileRef = 28F528EA2AC23B6F002B1C7F /* TrackerCategoryName.swift */; };
		28F528F02AC23B6F002B1C7F /* TrackerCell.swift in Sources */ = {isa = PBXBuildFile; fileRef = 28F528EB2AC23B6F002B1C7F /* TrackerCell.swift */; };
		28F528F62AC23B75002B1C7F /* TrackerCategory.swift in Sources */ = {isa = PBXBuildFile; fileRef = 28F528F22AC23B75002B1C7F /* TrackerCategory.swift */; };
		28F528F72AC23B75002B1C7F /* Weekday.swift in Sources */ = {isa = PBXBuildFile; fileRef = 28F528F32AC23B75002B1C7F /* Weekday.swift */; };
		28F528F82AC23B75002B1C7F /* Tracker.swift in Sources */ = {isa = PBXBuildFile; fileRef = 28F528F42AC23B75002B1C7F /* Tracker.swift */; };
		28F528F92AC23B75002B1C7F /* TrackerRecord.swift in Sources */ = {isa = PBXBuildFile; fileRef = 28F528F52AC23B75002B1C7F /* TrackerRecord.swift */; };
		28F529002AC23B9F002B1C7F /* TabBar.swift in Sources */ = {isa = PBXBuildFile; fileRef = 28F528FA2AC23B9F002B1C7F /* TabBar.swift */; };
		28F529012AC23B9F002B1C7F /* WeekdayCell.swift in Sources */ = {isa = PBXBuildFile; fileRef = 28F528FB2AC23B9F002B1C7F /* WeekdayCell.swift */; };
		28F529022AC23B9F002B1C7F /* Color.swift in Sources */ = {isa = PBXBuildFile; fileRef = 28F528FC2AC23B9F002B1C7F /* Color.swift */; };
		28F529032AC23B9F002B1C7F /* ListCell.swift in Sources */ = {isa = PBXBuildFile; fileRef = 28F528FD2AC23B9F002B1C7F /* ListCell.swift */; };
		28F529052AC23B9F002B1C7F /* Emoji.swift in Sources */ = {isa = PBXBuildFile; fileRef = 28F528FF2AC23B9F002B1C7F /* Emoji.swift */; };
		28F529072AC23BCF002B1C7F /* ListOfItems.swift in Sources */ = {isa = PBXBuildFile; fileRef = 28F529062AC23BCF002B1C7F /* ListOfItems.swift */; };
/* End PBXBuildFile section */

/* Begin PBXFileReference section */
		28062A9F2ACC9A410066BFFE /* EmojiCollectionViewCell.swift */ = {isa = PBXFileReference; lastKnownFileType = sourcecode.swift; path = EmojiCollectionViewCell.swift; sourceTree = "<group>"; };
		28062AA12AD747A10066BFFE /* ColorCollectionViewCell.swift */ = {isa = PBXFileReference; lastKnownFileType = sourcecode.swift; path = ColorCollectionViewCell.swift; sourceTree = "<group>"; };
		2818C4F92AF496C400111B51 /* Main.storyboard */ = {isa = PBXFileReference; fileEncoding = 4; lastKnownFileType = file.storyboard; path = Main.storyboard; sourceTree = "<group>"; };
		2818C4FB2AF496D700111B51 /* LaunchScreen.storyboard */ = {isa = PBXFileReference; fileEncoding = 4; lastKnownFileType = file.storyboard; path = LaunchScreen.storyboard; sourceTree = "<group>"; };
		2818C4FE2AF6D0D900111B51 /* Model.xcdatamodel */ = {isa = PBXFileReference; lastKnownFileType = wrapper.xcdatamodel; path = Model.xcdatamodel; sourceTree = "<group>"; };
		2818C5002AF6D2EF00111B51 /* TrackerStore.swift */ = {isa = PBXFileReference; lastKnownFileType = sourcecode.swift; path = TrackerStore.swift; sourceTree = "<group>"; };
		2818C5022AF6D3C500111B51 /* TrackerCategoryStore.swift */ = {isa = PBXFileReference; lastKnownFileType = sourcecode.swift; path = TrackerCategoryStore.swift; sourceTree = "<group>"; };
		2818C5042AF6D42F00111B51 /* TrackerRecordStore.swift */ = {isa = PBXFileReference; lastKnownFileType = sourcecode.swift; path = TrackerRecordStore.swift; sourceTree = "<group>"; };
		28F528BE2AC239BF002B1C7F /* TrackerYP.app */ = {isa = PBXFileReference; explicitFileType = wrapper.application; includeInIndex = 0; path = TrackerYP.app; sourceTree = BUILT_PRODUCTS_DIR; };
		28F528C12AC239BF002B1C7F /* AppDelegate.swift */ = {isa = PBXFileReference; lastKnownFileType = sourcecode.swift; path = AppDelegate.swift; sourceTree = "<group>"; };
		28F528C32AC239BF002B1C7F /* SceneDelegate.swift */ = {isa = PBXFileReference; lastKnownFileType = sourcecode.swift; path = SceneDelegate.swift; sourceTree = "<group>"; };
		28F528CA2AC239C0002B1C7F /* Assets.xcassets */ = {isa = PBXFileReference; lastKnownFileType = folder.assetcatalog; path = Assets.xcassets; sourceTree = "<group>"; };
		28F528CF2AC239C0002B1C7F /* Info.plist */ = {isa = PBXFileReference; lastKnownFileType = text.plist.xml; path = Info.plist; sourceTree = "<group>"; };
		28F528D62AC23B4A002B1C7F /* GeometricParamsExtension.swift */ = {isa = PBXFileReference; fileEncoding = 4; lastKnownFileType = sourcecode.swift; path = GeometricParamsExtension.swift; sourceTree = "<group>"; };
		28F528D72AC23B4A002B1C7F /* UILabelExtension.swift */ = {isa = PBXFileReference; fileEncoding = 4; lastKnownFileType = sourcecode.swift; path = UILabelExtension.swift; sourceTree = "<group>"; };
		28F528D82AC23B4A002B1C7F /* PlaceholderExtension.swift */ = {isa = PBXFileReference; fileEncoding = 4; lastKnownFileType = sourcecode.swift; path = PlaceholderExtension.swift; sourceTree = "<group>"; };
		28F528D92AC23B4A002B1C7F /* DateExtension.swift */ = {isa = PBXFileReference; fileEncoding = 4; lastKnownFileType = sourcecode.swift; path = DateExtension.swift; sourceTree = "<group>"; };
		28F528DF2AC23B59002B1C7F /* StatisticViewController.swift */ = {isa = PBXFileReference; fileEncoding = 4; lastKnownFileType = sourcecode.swift; path = StatisticViewController.swift; sourceTree = "<group>"; };
		28F528E22AC23B66002B1C7F /* ScheduleViewController.swift */ = {isa = PBXFileReference; fileEncoding = 4; lastKnownFileType = sourcecode.swift; path = ScheduleViewController.swift; sourceTree = "<group>"; };
		28F528E32AC23B66002B1C7F /* SetTrackersViewController.swift */ = {isa = PBXFileReference; fileEncoding = 4; lastKnownFileType = sourcecode.swift; path = SetTrackersViewController.swift; sourceTree = "<group>"; };
		28F528E72AC23B6F002B1C7F /* TrackerTextField.swift */ = {isa = PBXFileReference; fileEncoding = 4; lastKnownFileType = sourcecode.swift; path = TrackerTextField.swift; sourceTree = "<group>"; };
		28F528E82AC23B6F002B1C7F /* TrackerFormViewController.swift */ = {isa = PBXFileReference; fileEncoding = 4; lastKnownFileType = sourcecode.swift; path = TrackerFormViewController.swift; sourceTree = "<group>"; };
		28F528E92AC23B6F002B1C7F /* TrackerViewController.swift */ = {isa = PBXFileReference; fileEncoding = 4; lastKnownFileType = sourcecode.swift; path = TrackerViewController.swift; sourceTree = "<group>"; };
		28F528EA2AC23B6F002B1C7F /* TrackerCategoryName.swift */ = {isa = PBXFileReference; fileEncoding = 4; lastKnownFileType = sourcecode.swift; path = TrackerCategoryName.swift; sourceTree = "<group>"; };
		28F528EB2AC23B6F002B1C7F /* TrackerCell.swift */ = {isa = PBXFileReference; fileEncoding = 4; lastKnownFileType = sourcecode.swift; path = TrackerCell.swift; sourceTree = "<group>"; };
		28F528F22AC23B75002B1C7F /* TrackerCategory.swift */ = {isa = PBXFileReference; fileEncoding = 4; lastKnownFileType = sourcecode.swift; path = TrackerCategory.swift; sourceTree = "<group>"; };
		28F528F32AC23B75002B1C7F /* Weekday.swift */ = {isa = PBXFileReference; fileEncoding = 4; lastKnownFileType = sourcecode.swift; path = Weekday.swift; sourceTree = "<group>"; };
		28F528F42AC23B75002B1C7F /* Tracker.swift */ = {isa = PBXFileReference; fileEncoding = 4; lastKnownFileType = sourcecode.swift; path = Tracker.swift; sourceTree = "<group>"; };
		28F528F52AC23B75002B1C7F /* TrackerRecord.swift */ = {isa = PBXFileReference; fileEncoding = 4; lastKnownFileType = sourcecode.swift; path = TrackerRecord.swift; sourceTree = "<group>"; };
		28F528FA2AC23B9F002B1C7F /* TabBar.swift */ = {isa = PBXFileReference; fileEncoding = 4; lastKnownFileType = sourcecode.swift; path = TabBar.swift; sourceTree = "<group>"; };
		28F528FB2AC23B9F002B1C7F /* WeekdayCell.swift */ = {isa = PBXFileReference; fileEncoding = 4; lastKnownFileType = sourcecode.swift; path = WeekdayCell.swift; sourceTree = "<group>"; };
		28F528FC2AC23B9F002B1C7F /* Color.swift */ = {isa = PBXFileReference; fileEncoding = 4; lastKnownFileType = sourcecode.swift; path = Color.swift; sourceTree = "<group>"; };
		28F528FD2AC23B9F002B1C7F /* ListCell.swift */ = {isa = PBXFileReference; fileEncoding = 4; lastKnownFileType = sourcecode.swift; path = ListCell.swift; sourceTree = "<group>"; };
		28F528FF2AC23B9F002B1C7F /* Emoji.swift */ = {isa = PBXFileReference; fileEncoding = 4; lastKnownFileType = sourcecode.swift; path = Emoji.swift; sourceTree = "<group>"; };
		28F529062AC23BCF002B1C7F /* ListOfItems.swift */ = {isa = PBXFileReference; lastKnownFileType = sourcecode.swift; path = ListOfItems.swift; sourceTree = "<group>"; };
/* End PBXFileReference section */

/* Begin PBXFrameworksBuildPhase section */
		28F528BB2AC239BF002B1C7F /* Frameworks */ = {
			isa = PBXFrameworksBuildPhase;
			buildActionMask = 2147483647;
			files = (
			);
			runOnlyForDeploymentPostprocessing = 0;
		};
/* End PBXFrameworksBuildPhase section */

/* Begin PBXGroup section */
		28062AC92AE168480066BFFE /* CoreData */ = {
			isa = PBXGroup;
			children = (
				2818C4FD2AF6D0D900111B51 /* Model.xcdatamodeld */,
				2818C5002AF6D2EF00111B51 /* TrackerStore.swift */,
				2818C5022AF6D3C500111B51 /* TrackerCategoryStore.swift */,
				2818C5042AF6D42F00111B51 /* TrackerRecordStore.swift */,
			);
			path = CoreData;
			sourceTree = "<group>";
		};
		28F528B52AC239BF002B1C7F = {
			isa = PBXGroup;
			children = (
				28F528C02AC239BF002B1C7F /* TrackerYP */,
				28062AC92AE168480066BFFE /* CoreData */,
				28F528BF2AC239BF002B1C7F /* Products */,
			);
			sourceTree = "<group>";
		};
		28F528BF2AC239BF002B1C7F /* Products */ = {
			isa = PBXGroup;
			children = (
				28F528BE2AC239BF002B1C7F /* TrackerYP.app */,
			);
			name = Products;
			sourceTree = "<group>";
		};
		28F528C02AC239BF002B1C7F /* TrackerYP */ = {
			isa = PBXGroup;
			children = (
				28F528FD2AC23B9F002B1C7F /* ListCell.swift */,
				28F528FB2AC23B9F002B1C7F /* WeekdayCell.swift */,
				28F529062AC23BCF002B1C7F /* ListOfItems.swift */,
				28F528FA2AC23B9F002B1C7F /* TabBar.swift */,
				28F528FF2AC23B9F002B1C7F /* Emoji.swift */,
				28062A9F2ACC9A410066BFFE /* EmojiCollectionViewCell.swift */,
				28F528FC2AC23B9F002B1C7F /* Color.swift */,
				28062AA12AD747A10066BFFE /* ColorCollectionViewCell.swift */,
				28F528F12AC23B75002B1C7F /* Models */,
				28F528E62AC23B6F002B1C7F /* Tracker */,
				28F528E12AC23B66002B1C7F /* Shedule */,
				28F528DE2AC23B59002B1C7F /* Statistic */,
				28F528D52AC23B4A002B1C7F /* Extension */,
				28F528C12AC239BF002B1C7F /* AppDelegate.swift */,
				28F528C32AC239BF002B1C7F /* SceneDelegate.swift */,
				28F528CA2AC239C0002B1C7F /* Assets.xcassets */,
				2818C4F92AF496C400111B51 /* Main.storyboard */,
				2818C4FB2AF496D700111B51 /* LaunchScreen.storyboard */,
				28F528CF2AC239C0002B1C7F /* Info.plist */,
			);
			path = TrackerYP;
			sourceTree = "<group>";
		};
		28F528D52AC23B4A002B1C7F /* Extension */ = {
			isa = PBXGroup;
			children = (
				28F528D62AC23B4A002B1C7F /* GeometricParamsExtension.swift */,
				28F528D72AC23B4A002B1C7F /* UILabelExtension.swift */,
				28F528D82AC23B4A002B1C7F /* PlaceholderExtension.swift */,
				28F528D92AC23B4A002B1C7F /* DateExtension.swift */,
			);
			path = Extension;
			sourceTree = "<group>";
		};
		28F528DE2AC23B59002B1C7F /* Statistic */ = {
			isa = PBXGroup;
			children = (
				28F528DF2AC23B59002B1C7F /* StatisticViewController.swift */,
			);
			path = Statistic;
			sourceTree = "<group>";
		};
		28F528E12AC23B66002B1C7F /* Shedule */ = {
			isa = PBXGroup;
			children = (
				28F528E22AC23B66002B1C7F /* ScheduleViewController.swift */,
				28F528E32AC23B66002B1C7F /* SetTrackersViewController.swift */,
			);
			path = Shedule;
			sourceTree = "<group>";
		};
		28F528E62AC23B6F002B1C7F /* Tracker */ = {
			isa = PBXGroup;
			children = (
				28F528E72AC23B6F002B1C7F /* TrackerTextField.swift */,
				28F528E82AC23B6F002B1C7F /* TrackerFormViewController.swift */,
				28F528E92AC23B6F002B1C7F /* TrackerViewController.swift */,
				28F528EA2AC23B6F002B1C7F /* TrackerCategoryName.swift */,
				28F528EB2AC23B6F002B1C7F /* TrackerCell.swift */,
			);
			path = Tracker;
			sourceTree = "<group>";
		};
		28F528F12AC23B75002B1C7F /* Models */ = {
			isa = PBXGroup;
			children = (
				28F528F22AC23B75002B1C7F /* TrackerCategory.swift */,
				28F528F32AC23B75002B1C7F /* Weekday.swift */,
				28F528F42AC23B75002B1C7F /* Tracker.swift */,
				28F528F52AC23B75002B1C7F /* TrackerRecord.swift */,
			);
			path = Models;
			sourceTree = "<group>";
		};
/* End PBXGroup section */

/* Begin PBXNativeTarget section */
		28F528BD2AC239BF002B1C7F /* TrackerYP */ = {
			isa = PBXNativeTarget;
			buildConfigurationList = 28F528D22AC239C0002B1C7F /* Build configuration list for PBXNativeTarget "TrackerYP" */;
			buildPhases = (
				28F528BA2AC239BF002B1C7F /* Sources */,
				28F528BB2AC239BF002B1C7F /* Frameworks */,
				28F528BC2AC239BF002B1C7F /* Resources */,
			);
			buildRules = (
			);
			dependencies = (
			);
			name = TrackerYP;
			productName = TrackerYP;
			productReference = 28F528BE2AC239BF002B1C7F /* TrackerYP.app */;
			productType = "com.apple.product-type.application";
		};
/* End PBXNativeTarget section */

/* Begin PBXProject section */
		28F528B62AC239BF002B1C7F /* Project object */ = {
			isa = PBXProject;
			attributes = {
				BuildIndependentTargetsInParallel = 1;
				LastSwiftUpdateCheck = 1430;
				LastUpgradeCheck = 1430;
				TargetAttributes = {
					28F528BD2AC239BF002B1C7F = {
						CreatedOnToolsVersion = 14.3.1;
					};
				};
			};
			buildConfigurationList = 28F528B92AC239BF002B1C7F /* Build configuration list for PBXProject "TrackerYP" */;
			compatibilityVersion = "Xcode 14.0";
			developmentRegion = en;
			hasScannedForEncodings = 0;
			knownRegions = (
				en,
				Base,
			);
			mainGroup = 28F528B52AC239BF002B1C7F;
			productRefGroup = 28F528BF2AC239BF002B1C7F /* Products */;
			projectDirPath = "";
			projectRoot = "";
			targets = (
				28F528BD2AC239BF002B1C7F /* TrackerYP */,
			);
		};
/* End PBXProject section */

/* Begin PBXResourcesBuildPhase section */
		28F528BC2AC239BF002B1C7F /* Resources */ = {
			isa = PBXResourcesBuildPhase;
			buildActionMask = 2147483647;
			files = (
				2818C4FA2AF496C400111B51 /* Main.storyboard in Resources */,
				2818C4FC2AF496D700111B51 /* LaunchScreen.storyboard in Resources */,
				28F528CB2AC239C0002B1C7F /* Assets.xcassets in Resources */,
			);
			runOnlyForDeploymentPostprocessing = 0;
		};
/* End PBXResourcesBuildPhase section */

/* Begin PBXSourcesBuildPhase section */
		28F528BA2AC239BF002B1C7F /* Sources */ = {
			isa = PBXSourcesBuildPhase;
			buildActionMask = 2147483647;
			files = (
				28F528F82AC23B75002B1C7F /* Tracker.swift in Sources */,
				28F528DB2AC23B4A002B1C7F /* UILabelExtension.swift in Sources */,
				28F529012AC23B9F002B1C7F /* WeekdayCell.swift in Sources */,
				28F529002AC23B9F002B1C7F /* TabBar.swift in Sources */,
				28F528EF2AC23B6F002B1C7F /* TrackerCategoryName.swift in Sources */,
				2818C5032AF6D3C500111B51 /* TrackerCategoryStore.swift in Sources */,
				2818C4FF2AF6D0D900111B51 /* Model.xcdatamodeld in Sources */,
				28F528F72AC23B75002B1C7F /* Weekday.swift in Sources */,
				28F528E02AC23B59002B1C7F /* StatisticViewController.swift in Sources */,
				28F528F92AC23B75002B1C7F /* TrackerRecord.swift in Sources */,
				28F528E52AC23B66002B1C7F /* SetTrackersViewController.swift in Sources */,
				28F528ED2AC23B6F002B1C7F /* TrackerFormViewController.swift in Sources */,
				28F528DD2AC23B4A002B1C7F /* DateExtension.swift in Sources */,
				28F528E42AC23B66002B1C7F /* ScheduleViewController.swift in Sources */,
				28F528C22AC239BF002B1C7F /* AppDelegate.swift in Sources */,
				2818C5012AF6D2EF00111B51 /* TrackerStore.swift in Sources */,
				28F529022AC23B9F002B1C7F /* Color.swift in Sources */,
				28062AA22AD747A10066BFFE /* ColorCollectionViewCell.swift in Sources */,
				28F528EC2AC23B6F002B1C7F /* TrackerTextField.swift in Sources */,
				28F528F62AC23B75002B1C7F /* TrackerCategory.swift in Sources */,
				28F528C42AC239BF002B1C7F /* SceneDelegate.swift in Sources */,
				28F529052AC23B9F002B1C7F /* Emoji.swift in Sources */,
				28F529032AC23B9F002B1C7F /* ListCell.swift in Sources */,
				28F528F02AC23B6F002B1C7F /* TrackerCell.swift in Sources */,
				28F528EE2AC23B6F002B1C7F /* TrackerViewController.swift in Sources */,
				2818C5052AF6D42F00111B51 /* TrackerRecordStore.swift in Sources */,
				28F528DA2AC23B4A002B1C7F /* GeometricParamsExtension.swift in Sources */,
				28062AA02ACC9A410066BFFE /* EmojiCollectionViewCell.swift in Sources */,
				28F528DC2AC23B4A002B1C7F /* PlaceholderExtension.swift in Sources */,
				28F529072AC23BCF002B1C7F /* ListOfItems.swift in Sources */,
			);
			runOnlyForDeploymentPostprocessing = 0;
		};
/* End PBXSourcesBuildPhase section */

/* Begin XCBuildConfiguration section */
		28F528D02AC239C0002B1C7F /* Debug */ = {
			isa = XCBuildConfiguration;
			buildSettings = {
				ALWAYS_SEARCH_USER_PATHS = NO;
				CLANG_ANALYZER_NONNULL = YES;
				CLANG_ANALYZER_NUMBER_OBJECT_CONVERSION = YES_AGGRESSIVE;
				CLANG_CXX_LANGUAGE_STANDARD = "gnu++20";
				CLANG_ENABLE_MODULES = YES;
				CLANG_ENABLE_OBJC_ARC = YES;
				CLANG_ENABLE_OBJC_WEAK = YES;
				CLANG_WARN_BLOCK_CAPTURE_AUTORELEASING = YES;
				CLANG_WARN_BOOL_CONVERSION = YES;
				CLANG_WARN_COMMA = YES;
				CLANG_WARN_CONSTANT_CONVERSION = YES;
				CLANG_WARN_DEPRECATED_OBJC_IMPLEMENTATIONS = YES;
				CLANG_WARN_DIRECT_OBJC_ISA_USAGE = YES_ERROR;
				CLANG_WARN_DOCUMENTATION_COMMENTS = YES;
				CLANG_WARN_EMPTY_BODY = YES;
				CLANG_WARN_ENUM_CONVERSION = YES;
				CLANG_WARN_INFINITE_RECURSION = YES;
				CLANG_WARN_INT_CONVERSION = YES;
				CLANG_WARN_NON_LITERAL_NULL_CONVERSION = YES;
				CLANG_WARN_OBJC_IMPLICIT_RETAIN_SELF = YES;
				CLANG_WARN_OBJC_LITERAL_CONVERSION = YES;
				CLANG_WARN_OBJC_ROOT_CLASS = YES_ERROR;
				CLANG_WARN_QUOTED_INCLUDE_IN_FRAMEWORK_HEADER = YES;
				CLANG_WARN_RANGE_LOOP_ANALYSIS = YES;
				CLANG_WARN_STRICT_PROTOTYPES = YES;
				CLANG_WARN_SUSPICIOUS_MOVE = YES;
				CLANG_WARN_UNGUARDED_AVAILABILITY = YES_AGGRESSIVE;
				CLANG_WARN_UNREACHABLE_CODE = YES;
				CLANG_WARN__DUPLICATE_METHOD_MATCH = YES;
				COPY_PHASE_STRIP = NO;
				DEBUG_INFORMATION_FORMAT = dwarf;
				ENABLE_STRICT_OBJC_MSGSEND = YES;
				ENABLE_TESTABILITY = YES;
				GCC_C_LANGUAGE_STANDARD = gnu11;
				GCC_DYNAMIC_NO_PIC = NO;
				GCC_NO_COMMON_BLOCKS = YES;
				GCC_OPTIMIZATION_LEVEL = 0;
				GCC_PREPROCESSOR_DEFINITIONS = (
					"DEBUG=1",
					"$(inherited)",
				);
				GCC_WARN_64_TO_32_BIT_CONVERSION = YES;
				GCC_WARN_ABOUT_RETURN_TYPE = YES_ERROR;
				GCC_WARN_UNDECLARED_SELECTOR = YES;
				GCC_WARN_UNINITIALIZED_AUTOS = YES_AGGRESSIVE;
				GCC_WARN_UNUSED_FUNCTION = YES;
				GCC_WARN_UNUSED_VARIABLE = YES;
				IPHONEOS_DEPLOYMENT_TARGET = 13.4;
				MTL_ENABLE_DEBUG_INFO = INCLUDE_SOURCE;
				MTL_FAST_MATH = YES;
				ONLY_ACTIVE_ARCH = YES;
				SDKROOT = iphoneos;
				SWIFT_ACTIVE_COMPILATION_CONDITIONS = DEBUG;
				SWIFT_OPTIMIZATION_LEVEL = "-Onone";
			};
			name = Debug;
		};
		28F528D12AC239C0002B1C7F /* Release */ = {
			isa = XCBuildConfiguration;
			buildSettings = {
				ALWAYS_SEARCH_USER_PATHS = NO;
				CLANG_ANALYZER_NONNULL = YES;
				CLANG_ANALYZER_NUMBER_OBJECT_CONVERSION = YES_AGGRESSIVE;
				CLANG_CXX_LANGUAGE_STANDARD = "gnu++20";
				CLANG_ENABLE_MODULES = YES;
				CLANG_ENABLE_OBJC_ARC = YES;
				CLANG_ENABLE_OBJC_WEAK = YES;
				CLANG_WARN_BLOCK_CAPTURE_AUTORELEASING = YES;
				CLANG_WARN_BOOL_CONVERSION = YES;
				CLANG_WARN_COMMA = YES;
				CLANG_WARN_CONSTANT_CONVERSION = YES;
				CLANG_WARN_DEPRECATED_OBJC_IMPLEMENTATIONS = YES;
				CLANG_WARN_DIRECT_OBJC_ISA_USAGE = YES_ERROR;
				CLANG_WARN_DOCUMENTATION_COMMENTS = YES;
				CLANG_WARN_EMPTY_BODY = YES;
				CLANG_WARN_ENUM_CONVERSION = YES;
				CLANG_WARN_INFINITE_RECURSION = YES;
				CLANG_WARN_INT_CONVERSION = YES;
				CLANG_WARN_NON_LITERAL_NULL_CONVERSION = YES;
				CLANG_WARN_OBJC_IMPLICIT_RETAIN_SELF = YES;
				CLANG_WARN_OBJC_LITERAL_CONVERSION = YES;
				CLANG_WARN_OBJC_ROOT_CLASS = YES_ERROR;
				CLANG_WARN_QUOTED_INCLUDE_IN_FRAMEWORK_HEADER = YES;
				CLANG_WARN_RANGE_LOOP_ANALYSIS = YES;
				CLANG_WARN_STRICT_PROTOTYPES = YES;
				CLANG_WARN_SUSPICIOUS_MOVE = YES;
				CLANG_WARN_UNGUARDED_AVAILABILITY = YES_AGGRESSIVE;
				CLANG_WARN_UNREACHABLE_CODE = YES;
				CLANG_WARN__DUPLICATE_METHOD_MATCH = YES;
				COPY_PHASE_STRIP = NO;
				DEBUG_INFORMATION_FORMAT = "dwarf-with-dsym";
				ENABLE_NS_ASSERTIONS = NO;
				ENABLE_STRICT_OBJC_MSGSEND = YES;
				GCC_C_LANGUAGE_STANDARD = gnu11;
				GCC_NO_COMMON_BLOCKS = YES;
				GCC_WARN_64_TO_32_BIT_CONVERSION = YES;
				GCC_WARN_ABOUT_RETURN_TYPE = YES_ERROR;
				GCC_WARN_UNDECLARED_SELECTOR = YES;
				GCC_WARN_UNINITIALIZED_AUTOS = YES_AGGRESSIVE;
				GCC_WARN_UNUSED_FUNCTION = YES;
				GCC_WARN_UNUSED_VARIABLE = YES;
				IPHONEOS_DEPLOYMENT_TARGET = 13.4;
				MTL_ENABLE_DEBUG_INFO = NO;
				MTL_FAST_MATH = YES;
				SDKROOT = iphoneos;
				SWIFT_COMPILATION_MODE = wholemodule;
				SWIFT_OPTIMIZATION_LEVEL = "-O";
				VALIDATE_PRODUCT = YES;
			};
			name = Release;
		};
		28F528D32AC239C0002B1C7F /* Debug */ = {
			isa = XCBuildConfiguration;
			buildSettings = {
				ASSETCATALOG_COMPILER_APPICON_NAME = AppIcon;
				ASSETCATALOG_COMPILER_GLOBAL_ACCENT_COLOR_NAME = AccentColor;
				CODE_SIGN_STYLE = Automatic;
				CURRENT_PROJECT_VERSION = 1;
				DEVELOPMENT_TEAM = LW39R4MCTV;
				GENERATE_INFOPLIST_FILE = YES;
				INFOPLIST_FILE = TrackerYP/Info.plist;
				INFOPLIST_KEY_UIApplicationSupportsIndirectInputEvents = YES;
				INFOPLIST_KEY_UILaunchStoryboardName = LaunchScreen;
				INFOPLIST_KEY_UIMainStoryboardFile = Main;
				INFOPLIST_KEY_UISupportedInterfaceOrientations = UIInterfaceOrientationPortrait;
				INFOPLIST_KEY_UISupportedInterfaceOrientations_iPad = "UIInterfaceOrientationLandscapeLeft UIInterfaceOrientationLandscapeRight UIInterfaceOrientationPortrait UIInterfaceOrientationPortraitUpsideDown";
				IPHONEOS_DEPLOYMENT_TARGET = 13.4;
				LD_RUNPATH_SEARCH_PATHS = (
					"$(inherited)",
					"@executable_path/Frameworks",
				);
				MARKETING_VERSION = 1.0;
				PRODUCT_BUNDLE_IDENTIFIER = ru.yandex.practicum.TrackerYP;
				PRODUCT_NAME = "$(TARGET_NAME)";
				SUPPORTED_PLATFORMS = "iphoneos iphonesimulator";
				SUPPORTS_MACCATALYST = NO;
				SUPPORTS_MAC_DESIGNED_FOR_IPHONE_IPAD = NO;
				SWIFT_EMIT_LOC_STRINGS = YES;
				SWIFT_VERSION = 5.0;
				TARGETED_DEVICE_FAMILY = 1;
			};
			name = Debug;
		};
		28F528D42AC239C0002B1C7F /* Release */ = {
			isa = XCBuildConfiguration;
			buildSettings = {
				ASSETCATALOG_COMPILER_APPICON_NAME = AppIcon;
				ASSETCATALOG_COMPILER_GLOBAL_ACCENT_COLOR_NAME = AccentColor;
				CODE_SIGN_STYLE = Automatic;
				CURRENT_PROJECT_VERSION = 1;
				DEVELOPMENT_TEAM = LW39R4MCTV;
				GENERATE_INFOPLIST_FILE = YES;
				INFOPLIST_FILE = TrackerYP/Info.plist;
				INFOPLIST_KEY_UIApplicationSupportsIndirectInputEvents = YES;
				INFOPLIST_KEY_UILaunchStoryboardName = LaunchScreen;
				INFOPLIST_KEY_UIMainStoryboardFile = Main;
				INFOPLIST_KEY_UISupportedInterfaceOrientations = UIInterfaceOrientationPortrait;
				INFOPLIST_KEY_UISupportedInterfaceOrientations_iPad = "UIInterfaceOrientationLandscapeLeft UIInterfaceOrientationLandscapeRight UIInterfaceOrientationPortrait UIInterfaceOrientationPortraitUpsideDown";
				IPHONEOS_DEPLOYMENT_TARGET = 13.4;
				LD_RUNPATH_SEARCH_PATHS = (
					"$(inherited)",
					"@executable_path/Frameworks",
				);
				MARKETING_VERSION = 1.0;
				PRODUCT_BUNDLE_IDENTIFIER = ru.yandex.practicum.TrackerYP;
				PRODUCT_NAME = "$(TARGET_NAME)";
				SUPPORTED_PLATFORMS = "iphoneos iphonesimulator";
				SUPPORTS_MACCATALYST = NO;
				SUPPORTS_MAC_DESIGNED_FOR_IPHONE_IPAD = NO;
				SWIFT_EMIT_LOC_STRINGS = YES;
				SWIFT_VERSION = 5.0;
				TARGETED_DEVICE_FAMILY = 1;
			};
			name = Release;
		};
/* End XCBuildConfiguration section */

/* Begin XCConfigurationList section */
		28F528B92AC239BF002B1C7F /* Build configuration list for PBXProject "TrackerYP" */ = {
			isa = XCConfigurationList;
			buildConfigurations = (
				28F528D02AC239C0002B1C7F /* Debug */,
				28F528D12AC239C0002B1C7F /* Release */,
			);
			defaultConfigurationIsVisible = 0;
			defaultConfigurationName = Release;
		};
		28F528D22AC239C0002B1C7F /* Build configuration list for PBXNativeTarget "TrackerYP" */ = {
			isa = XCConfigurationList;
			buildConfigurations = (
				28F528D32AC239C0002B1C7F /* Debug */,
				28F528D42AC239C0002B1C7F /* Release */,
			);
			defaultConfigurationIsVisible = 0;
			defaultConfigurationName = Release;
		};
/* End XCConfigurationList section */

/* Begin XCVersionGroup section */
		2818C4FD2AF6D0D900111B51 /* Model.xcdatamodeld */ = {
			isa = XCVersionGroup;
			children = (
				2818C4FE2AF6D0D900111B51 /* Model.xcdatamodel */,
			);
			currentVersion = 2818C4FE2AF6D0D900111B51 /* Model.xcdatamodel */;
			path = Model.xcdatamodeld;
			sourceTree = "<group>";
			versionGroupType = wrapper.xcdatamodel;
		};
/* End XCVersionGroup section */
	};
	rootObject = 28F528B62AC239BF002B1C7F /* Project object */;
}
